
Microsoft Visual Studio Solution File, Format Version 12.00
# Visual Studio Version 16
VisualStudioVersion = 16.0.29209.62
MinimumVisualStudioVersion = 10.0.40219.1
Project("{FAE04EC0-301F-11D3-BF4B-00C04F79EFBC}") = "FourteenthXMLConsoleApp", "FourteenthXMLConsoleApp\FourteenthXMLConsoleApp.csproj", "{6DD18871-1DB3-40E8-A14E-D3584FCA1279}"
EndProject
Global
	GlobalSection(SolutionConfigurationPlatforms) = preSolution
		Debug|Any CPU = Debug|Any CPU
		Release|Any CPU = Release|Any CPU
	EndGlobalSection
	GlobalSection(ProjectConfigurationPlatforms) = postSolution
		{6DD18871-1DB3-40E8-A14E-D3584FCA1279}.Debug|Any CPU.ActiveCfg = Debug|Any CPU
		{6DD18871-1DB3-40E8-A14E-D3584FCA1279}.Debug|Any CPU.Build.0 = Debug|Any CPU
		{6DD18871-1DB3-40E8-A14E-D3584FCA1279}.Release|Any CPU.ActiveCfg = Release|Any CPU
		{6DD18871-1DB3-40E8-A14E-D3584FCA1279}.Release|Any CPU.Build.0 = Release|Any CPU
	EndGlobalSection
	GlobalSection(SolutionProperties) = preSolution
		HideSolutionNode = FALSE
	EndGlobalSection
	GlobalSection(ExtensibilityGlobals) = postSolution
		SolutionGuid = {B0F04663-A479-4CC6-8D86-57AACA438EA7}
	EndGlobalSection
EndGlobal
