
Microsoft Visual Studio Solution File, Format Version 12.00
# Visual Studio Version 16
VisualStudioVersion = 16.0.29209.62
MinimumVisualStudioVersion = 10.0.40219.1
Project("{FAE04EC0-301F-11D3-BF4B-00C04F79EFBC}") = "EleventhWindowsServiceApp", "EleventhWindowsServiceApp\EleventhWindowsServiceApp.csproj", "{607C5961-3C3A-40A6-B65C-DB040086645F}"
EndProject
Global
	GlobalSection(SolutionConfigurationPlatforms) = preSolution
		Debug|Any CPU = Debug|Any CPU
		Release|Any CPU = Release|Any CPU
	EndGlobalSection
	GlobalSection(ProjectConfigurationPlatforms) = postSolution
		{607C5961-3C3A-40A6-B65C-DB040086645F}.Debug|Any CPU.ActiveCfg = Debug|Any CPU
		{607C5961-3C3A-40A6-B65C-DB040086645F}.Debug|Any CPU.Build.0 = Debug|Any CPU
		{607C5961-3C3A-40A6-B65C-DB040086645F}.Release|Any CPU.ActiveCfg = Release|Any CPU
		{607C5961-3C3A-40A6-B65C-DB040086645F}.Release|Any CPU.Build.0 = Release|Any CPU
	EndGlobalSection
	GlobalSection(SolutionProperties) = preSolution
		HideSolutionNode = FALSE
	EndGlobalSection
	GlobalSection(ExtensibilityGlobals) = postSolution
		SolutionGuid = {A986E239-5399-45B1-A597-94C559ED1A6E}
	EndGlobalSection
EndGlobal
