
Microsoft Visual Studio Solution File, Format Version 12.00
# Visual Studio 15
VisualStudioVersion = 15.0.28307.902
MinimumVisualStudioVersion = 10.0.40219.1
Project("{FAE04EC0-301F-11D3-BF4B-00C04F79EFBC}") = "CNBWinService", "CNBWinService\CNBWinService.csproj", "{2D79AF0C-130B-4A3E-A5E8-5685E1AE7A22}"
EndProject
Project("{FAE04EC0-301F-11D3-BF4B-00C04F79EFBC}") = "CNBConsoleTest", "CNBConsoleTest\CNBConsoleTest.csproj", "{A67D6044-69F4-4851-88EE-5F2234F8FD2F}"
EndProject
Global
	GlobalSection(SolutionConfigurationPlatforms) = preSolution
		Debug|Any CPU = Debug|Any CPU
		Release|Any CPU = Release|Any CPU
	EndGlobalSection
	GlobalSection(ProjectConfigurationPlatforms) = postSolution
		{2D79AF0C-130B-4A3E-A5E8-5685E1AE7A22}.Debug|Any CPU.ActiveCfg = Debug|Any CPU
		{2D79AF0C-130B-4A3E-A5E8-5685E1AE7A22}.Debug|Any CPU.Build.0 = Debug|Any CPU
		{2D79AF0C-130B-4A3E-A5E8-5685E1AE7A22}.Release|Any CPU.ActiveCfg = Release|Any CPU
		{2D79AF0C-130B-4A3E-A5E8-5685E1AE7A22}.Release|Any CPU.Build.0 = Release|Any CPU
		{A67D6044-69F4-4851-88EE-5F2234F8FD2F}.Debug|Any CPU.ActiveCfg = Debug|Any CPU
		{A67D6044-69F4-4851-88EE-5F2234F8FD2F}.Debug|Any CPU.Build.0 = Debug|Any CPU
		{A67D6044-69F4-4851-88EE-5F2234F8FD2F}.Release|Any CPU.ActiveCfg = Release|Any CPU
		{A67D6044-69F4-4851-88EE-5F2234F8FD2F}.Release|Any CPU.Build.0 = Release|Any CPU
	EndGlobalSection
	GlobalSection(SolutionProperties) = preSolution
		HideSolutionNode = FALSE
	EndGlobalSection
	GlobalSection(ExtensibilityGlobals) = postSolution
		SolutionGuid = {4B82E909-EE9B-4C46-8804-CB63C67B23D9}
	EndGlobalSection
EndGlobal
