
Microsoft Visual Studio Solution File, Format Version 12.00
# Visual Studio Version 16
VisualStudioVersion = 16.0.29209.62
MinimumVisualStudioVersion = 10.0.40219.1
Project("{FAE04EC0-301F-11D3-BF4B-00C04F79EFBC}") = "FourthApp", "FourthApp\FourthApp.csproj", "{F9688633-41D3-4B56-ACFD-04E5CFA3B9A4}"
EndProject
Project("{FAE04EC0-301F-11D3-BF4B-00C04F79EFBC}") = "FourthAppLib", "FourthAppLib\FourthAppLib.csproj", "{B727D0ED-5A2B-4C05-B315-A4F775261A95}"
EndProject
Global
	GlobalSection(SolutionConfigurationPlatforms) = preSolution
		Debug|Any CPU = Debug|Any CPU
		Release|Any CPU = Release|Any CPU
	EndGlobalSection
	GlobalSection(ProjectConfigurationPlatforms) = postSolution
		{F9688633-41D3-4B56-ACFD-04E5CFA3B9A4}.Debug|Any CPU.ActiveCfg = Debug|Any CPU
		{F9688633-41D3-4B56-ACFD-04E5CFA3B9A4}.Debug|Any CPU.Build.0 = Debug|Any CPU
		{F9688633-41D3-4B56-ACFD-04E5CFA3B9A4}.Release|Any CPU.ActiveCfg = Release|Any CPU
		{F9688633-41D3-4B56-ACFD-04E5CFA3B9A4}.Release|Any CPU.Build.0 = Release|Any CPU
		{B727D0ED-5A2B-4C05-B315-A4F775261A95}.Debug|Any CPU.ActiveCfg = Debug|Any CPU
		{B727D0ED-5A2B-4C05-B315-A4F775261A95}.Debug|Any CPU.Build.0 = Debug|Any CPU
		{B727D0ED-5A2B-4C05-B315-A4F775261A95}.Release|Any CPU.ActiveCfg = Release|Any CPU
		{B727D0ED-5A2B-4C05-B315-A4F775261A95}.Release|Any CPU.Build.0 = Release|Any CPU
	EndGlobalSection
	GlobalSection(SolutionProperties) = preSolution
		HideSolutionNode = FALSE
	EndGlobalSection
	GlobalSection(ExtensibilityGlobals) = postSolution
		SolutionGuid = {D06FE2CA-0A37-407F-AC21-ED1EF3B6A450}
	EndGlobalSection
EndGlobal
